# This file is automatically @generated by Cargo.
# It is not intended for manual editing.
version = 3

[[package]]
name = "rng_visualiser"
version = "0.1.0"
dependencies = [
 "stuff",
]

[[package]]
name = "smallpt_rs"
version = "0.1.0"
dependencies = [
 "stuff",
]

[[package]]
name = "stuff"
version = "0.0.1"
